
Microsoft Visual Studio Solution File, Format Version 12.00
# Visual Studio Version 16
VisualStudioVersion = 16.0.31729.503
MinimumVisualStudioVersion = 10.0.40219.1
Project("{FAE04EC0-301F-11D3-BF4B-00C04F79EFBC}") = "Movie.Android", "Movie\Movie.Android\Movie.Android.csproj", "{486E1B2F-2BAA-4F07-BDAA-F0040F237304}"
EndProject
Project("{FAE04EC0-301F-11D3-BF4B-00C04F79EFBC}") = "Movie", "Movie\Movie\Movie.csproj", "{7057D2F6-F376-475C-8AC5-11494BA0C47F}"
EndProject
Global
	GlobalSection(SolutionConfigurationPlatforms) = preSolution
		Debug|Any CPU = Debug|Any CPU
		Release|Any CPU = Release|Any CPU
	EndGlobalSection
	GlobalSection(ProjectConfigurationPlatforms) = postSolution
		{486E1B2F-2BAA-4F07-BDAA-F0040F237304}.Debug|Any CPU.ActiveCfg = Debug|Any CPU
		{486E1B2F-2BAA-4F07-BDAA-F0040F237304}.Debug|Any CPU.Build.0 = Debug|Any CPU
		{486E1B2F-2BAA-4F07-BDAA-F0040F237304}.Debug|Any CPU.Deploy.0 = Debug|Any CPU
		{486E1B2F-2BAA-4F07-BDAA-F0040F237304}.Release|Any CPU.ActiveCfg = Release|Any CPU
		{486E1B2F-2BAA-4F07-BDAA-F0040F237304}.Release|Any CPU.Build.0 = Release|Any CPU
		{486E1B2F-2BAA-4F07-BDAA-F0040F237304}.Release|Any CPU.Deploy.0 = Release|Any CPU
		{7057D2F6-F376-475C-8AC5-11494BA0C47F}.Debug|Any CPU.ActiveCfg = Debug|Any CPU
		{7057D2F6-F376-475C-8AC5-11494BA0C47F}.Debug|Any CPU.Build.0 = Debug|Any CPU
		{7057D2F6-F376-475C-8AC5-11494BA0C47F}.Debug|Any CPU.Deploy.0 = Debug|Any CPU
		{7057D2F6-F376-475C-8AC5-11494BA0C47F}.Release|Any CPU.ActiveCfg = Release|Any CPU
		{7057D2F6-F376-475C-8AC5-11494BA0C47F}.Release|Any CPU.Build.0 = Release|Any CPU
		{7057D2F6-F376-475C-8AC5-11494BA0C47F}.Release|Any CPU.Deploy.0 = Release|Any CPU
	EndGlobalSection
	GlobalSection(SolutionProperties) = preSolution
		HideSolutionNode = FALSE
	EndGlobalSection
	GlobalSection(ExtensibilityGlobals) = postSolution
		SolutionGuid = {3A028EF6-5B64-4721-9C33-FDCD2B91723A}
	EndGlobalSection
EndGlobal
